
Microsoft Visual Studio Solution File, Format Version 12.00
# Visual Studio Version 17
VisualStudioVersion = 17.0.32014.148
MinimumVisualStudioVersion = 10.0.40219.1
Project("{9A19103F-16F7-4668-BE54-9A1E7A4F7556}") = "BL", "BL\BL.csproj", "{48FAAD5A-9DBC-4BC1-96E4-27C3A916A03A}"
EndProject
Project("{9A19103F-16F7-4668-BE54-9A1E7A4F7556}") = "DL", "DL\DL.csproj", "{9F021AFA-D238-451A-913F-D1D41379E121}"
EndProject
Project("{9A19103F-16F7-4668-BE54-9A1E7A4F7556}") = "Models", "Models\Models.csproj", "{E5075957-0807-45A8-A3A1-255BE2C7E3C6}"
EndProject
Project("{9A19103F-16F7-4668-BE54-9A1E7A4F7556}") = "Tests", "Tests\Tests.csproj", "{3CBB6747-40FA-40B8-AEAF-B34BD91E438E}"
EndProject
Project("{9A19103F-16F7-4668-BE54-9A1E7A4F7556}") = "WebAPI", "WebAPI\WebAPI.csproj", "{1DB7CF09-B53D-44B9-80F6-7F66469BF507}"
EndProject
Global
	GlobalSection(SolutionConfigurationPlatforms) = preSolution
		Debug|Any CPU = Debug|Any CPU
		Release|Any CPU = Release|Any CPU
	EndGlobalSection
	GlobalSection(ProjectConfigurationPlatforms) = postSolution
		{48FAAD5A-9DBC-4BC1-96E4-27C3A916A03A}.Debug|Any CPU.ActiveCfg = Debug|Any CPU
		{48FAAD5A-9DBC-4BC1-96E4-27C3A916A03A}.Debug|Any CPU.Build.0 = Debug|Any CPU
		{48FAAD5A-9DBC-4BC1-96E4-27C3A916A03A}.Release|Any CPU.ActiveCfg = Release|Any CPU
		{48FAAD5A-9DBC-4BC1-96E4-27C3A916A03A}.Release|Any CPU.Build.0 = Release|Any CPU
		{9F021AFA-D238-451A-913F-D1D41379E121}.Debug|Any CPU.ActiveCfg = Debug|Any CPU
		{9F021AFA-D238-451A-913F-D1D41379E121}.Debug|Any CPU.Build.0 = Debug|Any CPU
		{9F021AFA-D238-451A-913F-D1D41379E121}.Release|Any CPU.ActiveCfg = Release|Any CPU
		{9F021AFA-D238-451A-913F-D1D41379E121}.Release|Any CPU.Build.0 = Release|Any CPU
		{E5075957-0807-45A8-A3A1-255BE2C7E3C6}.Debug|Any CPU.ActiveCfg = Debug|Any CPU
		{E5075957-0807-45A8-A3A1-255BE2C7E3C6}.Debug|Any CPU.Build.0 = Debug|Any CPU
		{E5075957-0807-45A8-A3A1-255BE2C7E3C6}.Release|Any CPU.ActiveCfg = Release|Any CPU
		{E5075957-0807-45A8-A3A1-255BE2C7E3C6}.Release|Any CPU.Build.0 = Release|Any CPU
		{3CBB6747-40FA-40B8-AEAF-B34BD91E438E}.Debug|Any CPU.ActiveCfg = Debug|Any CPU
		{3CBB6747-40FA-40B8-AEAF-B34BD91E438E}.Debug|Any CPU.Build.0 = Debug|Any CPU
		{3CBB6747-40FA-40B8-AEAF-B34BD91E438E}.Release|Any CPU.ActiveCfg = Release|Any CPU
		{3CBB6747-40FA-40B8-AEAF-B34BD91E438E}.Release|Any CPU.Build.0 = Release|Any CPU
		{1DB7CF09-B53D-44B9-80F6-7F66469BF507}.Debug|Any CPU.ActiveCfg = Debug|Any CPU
		{1DB7CF09-B53D-44B9-80F6-7F66469BF507}.Debug|Any CPU.Build.0 = Debug|Any CPU
		{1DB7CF09-B53D-44B9-80F6-7F66469BF507}.Release|Any CPU.ActiveCfg = Release|Any CPU
		{1DB7CF09-B53D-44B9-80F6-7F66469BF507}.Release|Any CPU.Build.0 = Release|Any CPU
	EndGlobalSection
	GlobalSection(SolutionProperties) = preSolution
		HideSolutionNode = FALSE
	EndGlobalSection
	GlobalSection(ExtensibilityGlobals) = postSolution
		SolutionGuid = {7FE2716A-EF84-4E58-BED2-4252E5F8BA3B}
	EndGlobalSection
EndGlobal
